{
  "name": "learnjs",
  "version": "1.0.0",
  "lockfileVersion": 3,
  "requires": true,
  "packages": {
    "": {
      "name": "learnjs",
      "version": "1.0.0",
      "license": "All Rights Reserved",
      "dependencies": {
        "aws-sdk": "2.2.4"
      },
      "devDependencies": {
        "jasmine": "2.3.1"
      }
    },
    "node_modules/aws-sdk": {
      "version": "2.2.4",
      "resolved": "https://registry.npmjs.org/aws-sdk/-/aws-sdk-2.2.4.tgz",
      "integrity": "sha512-8bMnt0dV5msIznEYoB25sasX43U1Pr2HSdW09qQogAidaH8Qg2tX5VwfHsRisKNpCFGc4NBeDGZfpnSbQa3I1A==",
      "dependencies": {
        "sax": "0.5.3",
        "xml2js": "0.2.8",
        "xmlbuilder": "0.4.2"
      },
      "engines": {
        "node": ">= 0.8.0"
      }
    },
    "node_modules/exit": {
      "version": "0.1.2",
      "resolved": "https://registry.npmjs.org/exit/-/exit-0.1.2.tgz",
      "integrity": "sha512-Zk/eNKV2zbjpKzrsQ+n1G6poVbErQxJ0LBOJXaKZ1EViLzH+hrLu9cdXI4zw9dBQJslwBEpbQ2P1oS7nDxs6jQ==",
      "dev": true,
      "engines": {
        "node": ">= 0.8.0"
      }
    },
    "node_modules/glob": {
      "version": "3.2.11",
      "resolved": "https://registry.npmjs.org/glob/-/glob-3.2.11.tgz",
      "integrity": "sha512-hVb0zwEZwC1FXSKRPFTeOtN7AArJcJlI6ULGLtrstaswKNlrTJqAA+1lYlSUop4vjA423xlBzqfVS3iWGlqJ+g==",
      "dev": true,
      "dependencies": {
        "inherits": "2",
        "minimatch": "0.3"
      },
      "engines": {
        "node": "*"
      }
    },
    "node_modules/inherits": {
      "version": "2.0.4",
      "resolved": "https://registry.npmjs.org/inherits/-/inherits-2.0.4.tgz",
      "integrity": "sha512-k/vGaX4/Yla3WzyMCvTQOXYeIHvqOKtnqBduzTHpzpQZzAskKMhZ2K+EnBiSM9zGSoIFeMpXKxa4dYeZIQqewQ==",
      "dev": true
    },
    "node_modules/jasmine": {
      "version": "2.3.1",
      "resolved": "https://registry.npmjs.org/jasmine/-/jasmine-2.3.1.tgz",
      "integrity": "sha512-RjnsGktdVLQTAa8zFod4pDe35SH+KJ1w2zPxb5LWhZxL6pfVCLcYKSOBvYJIpo+VxfylASPCp9CAqdD1jCCs/A==",
      "dev": true,
      "dependencies": {
        "exit": "^0.1.2",
        "glob": "^3.2.11",
        "jasmine-core": "~2.3.0"
      },
      "bin": {
        "jasmine": "bin/jasmine.js"
      }
    },
    "node_modules/jasmine-core": {
      "version": "2.3.4",
      "resolved": "https://registry.npmjs.org/jasmine-core/-/jasmine-core-2.3.4.tgz",
      "integrity": "sha512-aYZdnbyg7AZ5aqxyVn2fR8OAtm2SbnnQKOVIcQFowT3MpB5DiNsPLXHSzQMBOEL2+a9CvPp1/yY2Z4s4eg5YBw==",
      "dev": true
    },
    "node_modules/lru-cache": {
      "version": "2.7.3",
      "resolved": "https://registry.npmjs.org/lru-cache/-/lru-cache-2.7.3.tgz",
      "integrity": "sha512-WpibWJ60c3AgAz8a2iYErDrcT2C7OmKnsWhIcHOjkUHFjkXncJhtLxNSqUmxRxRunpb5I8Vprd7aNSd2NtksJQ==",
      "dev": true
    },
    "node_modules/minimatch": {
      "version": "0.3.0",
      "resolved": "https://registry.npmjs.org/minimatch/-/minimatch-0.3.0.tgz",
      "integrity": "sha512-WFX1jI1AaxNTZVOHLBVazwTWKaQjoykSzCBNXB72vDTCzopQGtyP91tKdFK5cv1+qMwPyiTu1HqUriqplI8pcA==",
      "deprecated": "Please update to minimatch 3.0.2 or higher to avoid a RegExp DoS issue",
      "dev": true,
      "dependencies": {
        "lru-cache": "2",
        "sigmund": "~1.0.0"
      },
      "engines": {
        "node": "*"
      }
    },
    "node_modules/sax": {
      "version": "0.5.3",
      "resolved": "https://registry.npmjs.org/sax/-/sax-0.5.3.tgz",
      "integrity": "sha512-yYLxVGfMM+XDjJtOU+pg8iHEuP83bSh1fjotG+pfHVGKp24ibCFNBFTFSHhd2CmFsT7k71/2X2Cty1nNZZnnXg=="
    },
    "node_modules/sigmund": {
      "version": "1.0.1",
      "resolved": "https://registry.npmjs.org/sigmund/-/sigmund-1.0.1.tgz",
      "integrity": "sha512-fCvEXfh6NWpm+YSuY2bpXb/VIihqWA6hLsgboC+0nl71Q7N7o2eaCW8mJa/NLvQhs6jpd3VZV4UiUQlV6+lc8g==",
      "dev": true
    },
    "node_modules/xml2js": {
      "version": "0.2.8",
      "resolved": "https://registry.npmjs.org/xml2js/-/xml2js-0.2.8.tgz",
      "integrity": "sha512-ZHZBIAO55GHCn2jBYByVPHvHS+o3j8/a/qmpEe6kxO3cTnTCWC3Htq9RYJ5G4XMwMMClD2QkXA9SNdPadLyn3Q==",
      "dependencies": {
        "sax": "0.5.x"
      }
    },
    "node_modules/xmlbuilder": {
      "version": "0.4.2",
      "resolved": "https://registry.npmjs.org/xmlbuilder/-/xmlbuilder-0.4.2.tgz",
      "integrity": "sha512-h/+ncQQSU/iYycmI2wTN25t7RYN7O2oq9uvI+2+UObi4KcmQh/jUS4N31g5vJttQt7MODsnmBtbcll3YbNyvfw==",
      "engines": {
        "node": ">=0.2.0"
      }
    }
  }
}
